
Microsoft Visual Studio Solution File, Format Version 12.00
# Visual Studio 15
VisualStudioVersion = 15.0.28307.168
MinimumVisualStudioVersion = 10.0.40219.1
Project("{FAE04EC0-301F-11D3-BF4B-00C04F79EFBC}") = "Excersize3", "Excersize3\Excersize3.csproj", "{8948E75D-43EC-4CBE-A5D0-42C03EEA65C3}"
EndProject
Global
	GlobalSection(SolutionConfigurationPlatforms) = preSolution
		Debug|Any CPU = Debug|Any CPU
		Release|Any CPU = Release|Any CPU
	EndGlobalSection
	GlobalSection(ProjectConfigurationPlatforms) = postSolution
		{8948E75D-43EC-4CBE-A5D0-42C03EEA65C3}.Debug|Any CPU.ActiveCfg = Debug|Any CPU
		{8948E75D-43EC-4CBE-A5D0-42C03EEA65C3}.Debug|Any CPU.Build.0 = Debug|Any CPU
		{8948E75D-43EC-4CBE-A5D0-42C03EEA65C3}.Release|Any CPU.ActiveCfg = Release|Any CPU
		{8948E75D-43EC-4CBE-A5D0-42C03EEA65C3}.Release|Any CPU.Build.0 = Release|Any CPU
	EndGlobalSection
	GlobalSection(SolutionProperties) = preSolution
		HideSolutionNode = FALSE
	EndGlobalSection
	GlobalSection(ExtensibilityGlobals) = postSolution
		SolutionGuid = {56792E3D-6255-4075-92EB-742DC5B58E54}
	EndGlobalSection
EndGlobal
